
Microsoft Visual Studio Solution File, Format Version 12.00
# Visual Studio Version 17
VisualStudioVersion = 17.9.34728.123
MinimumVisualStudioVersion = 10.0.40219.1
Project("{9A19103F-16F7-4668-BE54-9A1E7A4F7556}") = "Playwright.Framework", "Playwright.Framework.csproj", "{99424789-F06E-4F0C-8661-BF6DA5F34B56}"
EndProject
Project("{9A19103F-16F7-4668-BE54-9A1E7A4F7556}") = "Playwright.Core", "..\Playwright.Core\Playwright.Core.csproj", "{6F6610E6-1F69-46E2-BA3D-A6F36D3EEDEC}"
EndProject
Global
	GlobalSection(SolutionConfigurationPlatforms) = preSolution
		Debug|Any CPU = Debug|Any CPU
		Release|Any CPU = Release|Any CPU
	EndGlobalSection
	GlobalSection(ProjectConfigurationPlatforms) = postSolution
		{99424789-F06E-4F0C-8661-BF6DA5F34B56}.Debug|Any CPU.ActiveCfg = Debug|Any CPU
		{99424789-F06E-4F0C-8661-BF6DA5F34B56}.Debug|Any CPU.Build.0 = Debug|Any CPU
		{99424789-F06E-4F0C-8661-BF6DA5F34B56}.Release|Any CPU.ActiveCfg = Release|Any CPU
		{99424789-F06E-4F0C-8661-BF6DA5F34B56}.Release|Any CPU.Build.0 = Release|Any CPU
		{6F6610E6-1F69-46E2-BA3D-A6F36D3EEDEC}.Debug|Any CPU.ActiveCfg = Debug|Any CPU
		{6F6610E6-1F69-46E2-BA3D-A6F36D3EEDEC}.Debug|Any CPU.Build.0 = Debug|Any CPU
		{6F6610E6-1F69-46E2-BA3D-A6F36D3EEDEC}.Release|Any CPU.ActiveCfg = Release|Any CPU
		{6F6610E6-1F69-46E2-BA3D-A6F36D3EEDEC}.Release|Any CPU.Build.0 = Release|Any CPU
	EndGlobalSection
	GlobalSection(SolutionProperties) = preSolution
		HideSolutionNode = FALSE
	EndGlobalSection
	GlobalSection(ExtensibilityGlobals) = postSolution
		SolutionGuid = {C593FDC3-EE2C-43D9-992F-9CE773E50EB5}
	EndGlobalSection
EndGlobal
